lockfileVersion: '6.0'

settings:
  autoInstallPeers: true
  excludeLinksFromLockfile: false

devDependencies:
  wrangler:
    specifier: ^2.13.0
    version: 2.13.0

packages:

  /@cloudflare/kv-asset-handler@0.2.0:
    resolution: {integrity: sha512-MVbXLbTcAotOPUj0pAMhVtJ+3/kFkwJqc5qNOleOZTv6QkZZABDMS21dSrSlVswEHwrpWC03e4fWytjqKvuE2A==}
    dependencies:
      mime: 3.0.0
    dev: true

  /@esbuild-plugins/node-globals-polyfill@0.1.1(esbuild@0.16.3):
    resolution: {integrity: sha512-MR0oAA+mlnJWrt1RQVQ+4VYuRJW/P2YmRTv1AsplObyvuBMnPHiizUF95HHYiSsMGLhyGtWufaq2XQg6+iurBg==}
    peerDependencies:
      esbuild: '*'
    dependencies:
      esbuild: 0.16.3
    dev: true

  /@esbuild-plugins/node-modules-polyfill@0.1.4(esbuild@0.16.3):
    resolution: {integrity: sha512-uZbcXi0zbmKC/050p3gJnne5Qdzw8vkXIv+c2BW0Lsc1ji1SkrxbKPUy5Efr0blbTu1SL8w4eyfpnSdPg3G0Qg==}
    peerDependencies:
      esbuild: '*'
    dependencies:
      esbuild: 0.16.3
      escape-string-regexp: 4.0.0
      rollup-plugin-node-polyfills: 0.2.1
    dev: true

  /@esbuild/android-arm64@0.16.3:
    resolution: {integrity: sha512-RolFVeinkeraDvN/OoRf1F/lP0KUfGNb5jxy/vkIMeRRChkrX/HTYN6TYZosRJs3a1+8wqpxAo5PI5hFmxyPRg==}
    engines: {node: '>=12'}
    cpu: [arm64]
    os: [android]
    requiresBuild: true
    dev: true
    optional: true

  /@esbuild/android-arm@0.16.3:
    resolution: {integrity: sha512-mueuEoh+s1eRbSJqq9KNBQwI4QhQV6sRXIfTyLXSHGMpyew61rOK4qY21uKbXl1iBoMb0AdL1deWFCQVlN2qHA==}
    engines: {node: '>=12'}
    cpu: [arm]
    os: [android]
    requiresBuild: true
    dev: true
    optional: true

  /@esbuild/android-x64@0.16.3:
    resolution: {integrity: sha512-SFpTUcIT1bIJuCCBMCQWq1bL2gPTjWoLZdjmIhjdcQHaUfV41OQfho6Ici5uvvkMmZRXIUGpM3GxysP/EU7ifQ==}
    engines: {node: '>=12'}
    cpu: [x64]
    os: [android]
    requiresBuild: true
    dev: true
    optional: true

  /@esbuild/darwin-arm64@0.16.3:
    resolution: {integrity: sha512-DO8WykMyB+N9mIDfI/Hug70Dk1KipavlGAecxS3jDUwAbTpDXj0Lcwzw9svkhxfpCagDmpaTMgxWK8/C/XcXvw==}
    engines: {node: '>=12'}
    cpu: [arm64]
    os: [darwin]
    requiresBuild: true
    dev: true
    optional: true

  /@esbuild/darwin-x64@0.16.3:
    resolution: {integrity: sha512-uEqZQ2omc6BvWqdCiyZ5+XmxuHEi1SPzpVxXCSSV2+Sh7sbXbpeNhHIeFrIpRjAs0lI1FmA1iIOxFozKBhKgRQ==}
    engines: {node: '>=12'}
    cpu: [x64]
    os: [darwin]
    requiresBuild: true
    dev: true
    optional: true

  /@esbuild/freebsd-arm64@0.16.3:
    resolution: {integrity: sha512-nJansp3sSXakNkOD5i5mIz2Is/HjzIhFs49b1tjrPrpCmwgBmH9SSzhC/Z1UqlkivqMYkhfPwMw1dGFUuwmXhw==}
    engines: {node: '>=12'}
    cpu: [arm64]
    os: [freebsd]
    requiresBuild: true
    dev: true
    optional: true

  /@esbuild/freebsd-x64@0.16.3:
    resolution: {integrity: sha512-TfoDzLw+QHfc4a8aKtGSQ96Wa+6eimljjkq9HKR0rHlU83vw8aldMOUSJTUDxbcUdcgnJzPaX8/vGWm7vyV7ug==}
    engines: {node: '>=12'}
    cpu: [x64]
    os: [freebsd]
    requiresBuild: true
    dev: true
    optional: true

  /@esbuild/linux-arm64@0.16.3:
    resolution: {integrity: sha512-7I3RlsnxEFCHVZNBLb2w7unamgZ5sVwO0/ikE2GaYvYuUQs9Qte/w7TqWcXHtCwxvZx/2+F97ndiUQAWs47ZfQ==}
    engines: {node: '>=12'}
    cpu: [arm64]
    os: [linux]
    requiresBuild: true
    dev: true
    optional: true

  /@esbuild/linux-arm@0.16.3:
    resolution: {integrity: sha512-VwswmSYwVAAq6LysV59Fyqk3UIjbhuc6wb3vEcJ7HEJUtFuLK9uXWuFoH1lulEbE4+5GjtHi3MHX+w1gNHdOWQ==}
    engines: {node: '>=12'}
    cpu: [arm]
    os: [linux]
    requiresBuild: true
    dev: true
    optional: true

  /@esbuild/linux-ia32@0.16.3:
    resolution: {integrity: sha512-X8FDDxM9cqda2rJE+iblQhIMYY49LfvW4kaEjoFbTTQ4Go8G96Smj2w3BRTwA8IHGoi9dPOPGAX63dhuv19UqA==}
    engines: {node: '>=12'}
    cpu: [ia32]
    os: [linux]
    requiresBuild: true
    dev: true
    optional: true

  /@esbuild/linux-loong64@0.16.3:
    resolution: {integrity: sha512-hIbeejCOyO0X9ujfIIOKjBjNAs9XD/YdJ9JXAy1lHA+8UXuOqbFe4ErMCqMr8dhlMGBuvcQYGF7+kO7waj2KHw==}
    engines: {node: '>=12'}
    cpu: [loong64]
    os: [linux]
    requiresBuild: true
    dev: true
    optional: true

  /@esbuild/linux-mips64el@0.16.3:
    resolution: {integrity: sha512-znFRzICT/V8VZQMt6rjb21MtAVJv/3dmKRMlohlShrbVXdBuOdDrGb+C2cZGQAR8RFyRe7HS6klmHq103WpmVw==}
    engines: {node: '>=12'}
    cpu: [mips64el]
    os: [linux]
    requiresBuild: true
    dev: true
    optional: true

  /@esbuild/linux-ppc64@0.16.3:
    resolution: {integrity: sha512-EV7LuEybxhXrVTDpbqWF2yehYRNz5e5p+u3oQUS2+ZFpknyi1NXxr8URk4ykR8Efm7iu04//4sBg249yNOwy5Q==}
    engines: {node: '>=12'}
    cpu: [ppc64]
    os: [linux]
    requiresBuild: true
    dev: true
    optional: true

  /@esbuild/linux-riscv64@0.16.3:
    resolution: {integrity: sha512-uDxqFOcLzFIJ+r/pkTTSE9lsCEaV/Y6rMlQjUI9BkzASEChYL/aSQjZjchtEmdnVxDKETnUAmsaZ4pqK1eE5BQ==}
    engines: {node: '>=12'}
    cpu: [riscv64]
    os: [linux]
    requiresBuild: true
    dev: true
    optional: true

  /@esbuild/linux-s390x@0.16.3:
    resolution: {integrity: sha512-NbeREhzSxYwFhnCAQOQZmajsPYtX71Ufej3IQ8W2Gxskfz9DK58ENEju4SbpIj48VenktRASC52N5Fhyf/aliQ==}
    engines: {node: '>=12'}
    cpu: [s390x]
    os: [linux]
    requiresBuild: true
    dev: true
    optional: true

  /@esbuild/linux-x64@0.16.3:
    resolution: {integrity: sha512-SDiG0nCixYO9JgpehoKgScwic7vXXndfasjnD5DLbp1xltANzqZ425l7LSdHynt19UWOcDjG9wJJzSElsPvk0w==}
    engines: {node: '>=12'}
    cpu: [x64]
    os: [linux]
    requiresBuild: true
    dev: true
    optional: true

  /@esbuild/netbsd-x64@0.16.3:
    resolution: {integrity: sha512-AzbsJqiHEq1I/tUvOfAzCY15h4/7Ivp3ff/o1GpP16n48JMNAtbW0qui2WCgoIZArEHD0SUQ95gvR0oSO7ZbdA==}
    engines: {node: '>=12'}
    cpu: [x64]
    os: [netbsd]
    requiresBuild: true
    dev: true
    optional: true

  /@esbuild/openbsd-x64@0.16.3:
    resolution: {integrity: sha512-gSABi8qHl8k3Cbi/4toAzHiykuBuWLZs43JomTcXkjMZVkp0gj3gg9mO+9HJW/8GB5H89RX/V0QP4JGL7YEEVg==}
    engines: {node: '>=12'}
    cpu: [x64]
    os: [openbsd]
    requiresBuild: true
    dev: true
    optional: true

  /@esbuild/sunos-x64@0.16.3:
    resolution: {integrity: sha512-SF9Kch5Ete4reovvRO6yNjMxrvlfT0F0Flm+NPoUw5Z4Q3r1d23LFTgaLwm3Cp0iGbrU/MoUI+ZqwCv5XJijCw==}
    engines: {node: '>=12'}
    cpu: [x64]
    os: [sunos]
    requiresBuild: true
    dev: true
    optional: true

  /@esbuild/win32-arm64@0.16.3:
    resolution: {integrity: sha512-u5aBonZIyGopAZyOnoPAA6fGsDeHByZ9CnEzyML9NqntK6D/xl5jteZUKm/p6nD09+v3pTM6TuUIqSPcChk5gg==}
    engines: {node: '>=12'}
    cpu: [arm64]
    os: [win32]
    requiresBuild: true
    dev: true
    optional: true

  /@esbuild/win32-ia32@0.16.3:
    resolution: {integrity: sha512-GlgVq1WpvOEhNioh74TKelwla9KDuAaLZrdxuuUgsP2vayxeLgVc+rbpIv0IYF4+tlIzq2vRhofV+KGLD+37EQ==}
    engines: {node: '>=12'}
    cpu: [ia32]
    os: [win32]
    requiresBuild: true
    dev: true
    optional: true

  /@esbuild/win32-x64@0.16.3:
    resolution: {integrity: sha512-5/JuTd8OWW8UzEtyf19fbrtMJENza+C9JoPIkvItgTBQ1FO2ZLvjbPO6Xs54vk0s5JB5QsfieUEshRQfu7ZHow==}
    engines: {node: '>=12'}
    cpu: [x64]
    os: [win32]
    requiresBuild: true
    dev: true
    optional: true

  /@iarna/toml@2.2.5:
    resolution: {integrity: sha512-trnsAYxU3xnS1gPHPyU961coFyLkh4gAD/0zQ5mymY4yOZ+CYvsPqUbOFSw0aDM4y0tV7tiFxL/1XfXPNC6IPg==}
    dev: true

  /@miniflare/cache@2.12.1:
    resolution: {integrity: sha512-6Pj5avy53qULTa13gWxGTDBuwX0yAzr4Zkzb0ZBh40bcbHp4vRkOk7PvHBoxV0M76JxQDHotGaW+ik510z5Xrg==}
    engines: {node: '>=16.13'}
    dependencies:
      '@miniflare/core': 2.12.1
      '@miniflare/shared': 2.12.1
      http-cache-semantics: 4.1.1
      undici: 5.20.0
    dev: true

  /@miniflare/cli-parser@2.12.1:
    resolution: {integrity: sha512-iCh4wEyQow8Dha+zpKhjCCXEp6QWbsvE18H5CgeUFT1pX4B+akYIHzdn47Cr5zpuYyjenoL78bAz0IIHIeyeWw==}
    engines: {node: '>=16.13'}
    dependencies:
      '@miniflare/shared': 2.12.1
      kleur: 4.1.5
    dev: true

  /@miniflare/core@2.12.1:
    resolution: {integrity: sha512-729xXL6uoMgtja5J7B2WdWAjFfxb74Pk2QqM3VqkWqY3XNlKWI7+ofvb8S6kI6uFEPGj4ma263uYkEAgsvzBWg==}
    engines: {node: '>=16.13'}
    dependencies:
      '@iarna/toml': 2.2.5
      '@miniflare/queues': 2.12.1
      '@miniflare/shared': 2.12.1
      '@miniflare/watcher': 2.12.1
      busboy: 1.6.0
      dotenv: 10.0.0
      kleur: 4.1.5
      set-cookie-parser: 2.6.0
      undici: 5.20.0
      urlpattern-polyfill: 4.0.3
    dev: true

  /@miniflare/d1@2.12.1:
    resolution: {integrity: sha512-2ldT7xEC7KxoaEJ7nCY9/AB/xwPjbm3mrmpiIspT0b5OgS640Pe9EU4c5bSmzGoUbLvwF+jb+LhLE1QaEbWkBw==}
    engines: {node: '>=16.7'}
    dependencies:
      '@miniflare/core': 2.12.1
      '@miniflare/shared': 2.12.1
    dev: true

  /@miniflare/durable-objects@2.12.1:
    resolution: {integrity: sha512-/n9WIxvHavVUgT+Nf280wNOcmJQBG+eZuqOlORWW9RmXXbAzqzS2Mk2lmRDCzbq3xTXAcsndx6cdarQLNRUzBg==}
    engines: {node: '>=16.13'}
    dependencies:
      '@miniflare/core': 2.12.1
      '@miniflare/shared': 2.12.1
      '@miniflare/storage-memory': 2.12.1
      undici: 5.20.0
    dev: true

  /@miniflare/html-rewriter@2.12.1:
    resolution: {integrity: sha512-yezYzGRBxy7d/oomAUEftdnL4fq6YIek82LtQlXgzcdcbBDnkYADj8WqGV41tAI+V2+rjrFEc1RuCXx/I1yISw==}
    engines: {node: '>=16.13'}
    dependencies:
      '@miniflare/core': 2.12.1
      '@miniflare/shared': 2.12.1
      html-rewriter-wasm: 0.4.1
      undici: 5.20.0
    dev: true

  /@miniflare/http-server@2.12.1:
    resolution: {integrity: sha512-nC6POgDKFHxnyXbKCdR9FGZSsu5frXQUETvSVcoETd5RP+Iws0xZ+XkzVMqiiIZk3ifUC9LzdGUOD0J2PlhHJw==}
    engines: {node: '>=16.13'}
    dependencies:
      '@miniflare/core': 2.12.1
      '@miniflare/shared': 2.12.1
      '@miniflare/web-sockets': 2.12.1
      kleur: 4.1.5
      selfsigned: 2.1.1
      undici: 5.20.0
      ws: 8.13.0
      youch: 2.2.2
    transitivePeerDependencies:
      - bufferutil
      - utf-8-validate
    dev: true

  /@miniflare/kv@2.12.1:
    resolution: {integrity: sha512-8h8wLDMEaWaKAqYTwrckOcNjAz52bzDyLmU4t/lh1/AQOE9eSg/T+H6xQCv0fPGrWPeHmG8iXaFI1JQ+CtkcHw==}
    engines: {node: '>=16.13'}
    dependencies:
      '@miniflare/shared': 2.12.1
    dev: true

  /@miniflare/queues@2.12.1:
    resolution: {integrity: sha512-L/YJkWWvg1RS3sCB5DLZOsf/kAmkwhvshpl+LmGQT7z/PYXlplbBmuhPwVBXaHqZdYE7063XfTzgAIhVPoo72Q==}
    engines: {node: '>=16.7'}
    dependencies:
      '@miniflare/shared': 2.12.1
    dev: true

  /@miniflare/r2@2.12.1:
    resolution: {integrity: sha512-xp8fSSap6o5xSAWp9BtOGgZ4tuf5iHTqrfbAH66LF151j8y69eQtQJ5pxpSvrDJok/F1VOLGc4ihSLmUqxyXhw==}
    engines: {node: '>=16.13'}
    dependencies:
      '@miniflare/shared': 2.12.1
      undici: 5.20.0
    dev: true

  /@miniflare/runner-vm@2.12.1:
    resolution: {integrity: sha512-pGY/aoQzbvyXOGR6/d3hv5/QsyUXGGbOxAyXdvjlz8h7ZiKOX4dBRS5TUAPS0kb/ofUWCyoYJi8dCVwRGdTYRw==}
    engines: {node: '>=16.13'}
    dependencies:
      '@miniflare/shared': 2.12.1
    dev: true

  /@miniflare/scheduler@2.12.1:
    resolution: {integrity: sha512-AbOP8YpWNqR/t7zMuTmn6q27USCDBQaYaULRVaNNfCsxMTXAUjYfM85iFvnV9mshw+K0HIEU4zR4Xjd2FeJubg==}
    engines: {node: '>=16.13'}
    dependencies:
      '@miniflare/core': 2.12.1
      '@miniflare/shared': 2.12.1
      cron-schedule: 3.0.6
    dev: true

  /@miniflare/shared@2.12.1:
    resolution: {integrity: sha512-N8sHNM5vcvjvO+znQ7Mbqf0FChRlWxy/svUpQf1GGpii9aTXzOTWB+WkFvJrJNx44SUReEGxUAzxpdeWnHahmA==}
    engines: {node: '>=16.13'}
    dependencies:
      '@types/better-sqlite3': 7.6.4
      kleur: 4.1.5
      npx-import: 1.1.4
      picomatch: 2.3.1
    dev: true

  /@miniflare/sites@2.12.1:
    resolution: {integrity: sha512-LW4r82cfGJvmJFwoBdXfsRcdDggVf8ppjMZGU3zk7xo+u5yD1uHzO2Arf3XbKNiOp7f9WyC/mXxs4zxF605iLA==}
    engines: {node: '>=16.13'}
    dependencies:
      '@miniflare/kv': 2.12.1
      '@miniflare/shared': 2.12.1
      '@miniflare/storage-file': 2.12.1
    dev: true

  /@miniflare/storage-file@2.12.1:
    resolution: {integrity: sha512-eq5wzBwxQC5GVxBfji9svb9FRdSOlA8D8DTgzL29DDjuOYtG9j8ydOlo0J7/2MB/Gq0HYFUHYWHhrklzzwdKQQ==}
    engines: {node: '>=16.13'}
    dependencies:
      '@miniflare/shared': 2.12.1
      '@miniflare/storage-memory': 2.12.1
    dev: true

  /@miniflare/storage-memory@2.12.1:
    resolution: {integrity: sha512-E9jbrX0L9N7YIHXj2G4td1EKboVLBdHkwh7RvKEZBwOhxDze5h+jMOou57NIbfC5kLOZPOC1fGXjzpp7xUUE6w==}
    engines: {node: '>=16.13'}
    dependencies:
      '@miniflare/shared': 2.12.1
    dev: true

  /@miniflare/watcher@2.12.1:
    resolution: {integrity: sha512-3IG/6g38id5ppbZHB/gMfEvoIEFYdmTTLRsHaPNyWIk/r3LMhHLluVsMcs+Lr/fphkPk6Diou4cBLD2GeeoP7A==}
    engines: {node: '>=16.13'}
    dependencies:
      '@miniflare/shared': 2.12.1
    dev: true

  /@miniflare/web-sockets@2.12.1:
    resolution: {integrity: sha512-Z+zqZqhVdrbmTQf+ETP5H1TPdXC2tUiYPiHRLWTHUks6VVkuwnUtIKxNPBEBXjCjKYYEm8VLclUAt+0yTucLWA==}
    engines: {node: '>=16.13'}
    dependencies:
      '@miniflare/core': 2.12.1
      '@miniflare/shared': 2.12.1
      undici: 5.20.0
      ws: 8.13.0
    transitivePeerDependencies:
      - bufferutil
      - utf-8-validate
    dev: true

  /@types/better-sqlite3@7.6.4:
    resolution: {integrity: sha512-dzrRZCYPXIXfSR1/surNbJ/grU3scTaygS0OMzjlGf71i9sc2fGyHPXXiXmEvNIoE0cGwsanEFMVJxPXmco9Eg==}
    dependencies:
      '@types/node': 20.5.6
    dev: true

  /@types/node@20.5.6:
    resolution: {integrity: sha512-Gi5wRGPbbyOTX+4Y2iULQ27oUPrefaB0PxGQJnfyWN3kvEDGM3mIB5M/gQLmitZf7A9FmLeaqxD3L1CXpm3VKQ==}
    dev: true

  /@types/stack-trace@0.0.29:
    resolution: {integrity: sha512-TgfOX+mGY/NyNxJLIbDWrO9DjGoVSW9+aB8H2yy1fy32jsvxijhmyJI9fDFgvz3YP4lvJaq9DzdR/M1bOgVc9g==}
    dev: true

  /anymatch@3.1.3:
    resolution: {integrity: sha512-KMReFUr0B4t+D+OBkjR3KYqvocp2XaSzO55UcB6mgQMd3KbcE+mWTyvVV7D/zsdEbNnV6acZUutkiHQXvTr1Rw==}
    engines: {node: '>= 8'}
    dependencies:
      normalize-path: 3.0.0
      picomatch: 2.3.1
    dev: true

  /binary-extensions@2.2.0:
    resolution: {integrity: sha512-jDctJ/IVQbZoJykoeHbhXpOlNBqGNcwXJKJog42E5HDPUwQTSdjCHdihjj0DlnheQ7blbT6dHOafNAiS8ooQKA==}
    engines: {node: '>=8'}
    dev: true

  /blake3-wasm@2.1.5:
    resolution: {integrity: sha512-F1+K8EbfOZE49dtoPtmxUQrpXaBIl3ICvasLh+nJta0xkz+9kF/7uet9fLnwKqhDrmj6g+6K3Tw9yQPUg2ka5g==}
    dev: true

  /braces@3.0.2:
    resolution: {integrity: sha512-b8um+L1RzM3WDSzvhm6gIz1yfTbBt6YTlcEKAvsmqCZZFw46z626lVj9j1yEPW33H5H+lBQpZMP1k8l+78Ha0A==}
    engines: {node: '>=8'}
    dependencies:
      fill-range: 7.0.1
    dev: true

  /buffer-from@1.1.2:
    resolution: {integrity: sha512-E+XQCRwSbaaiChtv6k6Dwgc+bx+Bs6vuKJHHl5kox/BaKbhiXzqQOwK4cO22yElGp2OCmjwVhT3HmxgyPGnJfQ==}
    dev: true

  /builtins@5.0.1:
    resolution: {integrity: sha512-qwVpFEHNfhYJIzNRBvd2C1kyo6jz3ZSMPyyuR47OPdiKWlbYnZNyDWuyR175qDnAJLiCo5fBBqPb3RiXgWlkOQ==}
    dependencies:
      semver: 7.5.4
    dev: true

  /busboy@1.6.0:
    resolution: {integrity: sha512-8SFQbg/0hQ9xy3UNTB0YEnsNBbWfhf7RtnzpL7TkBiTBRfrQ9Fxcnz7VJsleJpyp6rVLvXiuORqjlHi5q+PYuA==}
    engines: {node: '>=10.16.0'}
    dependencies:
      streamsearch: 1.1.0
    dev: true

  /chokidar@3.5.3:
    resolution: {integrity: sha512-Dr3sfKRP6oTcjf2JmUmFJfeVMvXBdegxB0iVQ5eb2V10uFJUCAS8OByZdVAyVb8xXNz3GjjTgj9kLWsZTqE6kw==}
    engines: {node: '>= 8.10.0'}
    dependencies:
      anymatch: 3.1.3
      braces: 3.0.2
      glob-parent: 5.1.2
      is-binary-path: 2.1.0
      is-glob: 4.0.3
      normalize-path: 3.0.0
      readdirp: 3.6.0
    optionalDependencies:
      fsevents: 2.3.3
    dev: true

  /cookie@0.4.2:
    resolution: {integrity: sha512-aSWTXFzaKWkvHO1Ny/s+ePFpvKsPnjc551iI41v3ny/ow6tBG5Vd+FuqGNhh1LxOmVzOlGUriIlOaokOvhaStA==}
    engines: {node: '>= 0.6'}
    dev: true

  /cron-schedule@3.0.6:
    resolution: {integrity: sha512-izfGgKyzzIyLaeb1EtZ3KbglkS6AKp9cv7LxmiyoOu+fXfol1tQDC0Cof0enVZGNtudTHW+3lfuW9ZkLQss4Wg==}
    dev: true

  /cross-spawn@7.0.3:
    resolution: {integrity: sha512-iRDPJKUPVEND7dHPO8rkbOnPpyDygcDFtWjpeWNCgy8WP2rXcxXL8TskReQl6OrB2G7+UJrags1q15Fudc7G6w==}
    engines: {node: '>= 8'}
    dependencies:
      path-key: 3.1.1
      shebang-command: 2.0.0
      which: 2.0.2
    dev: true

  /dotenv@10.0.0:
    resolution: {integrity: sha512-rlBi9d8jpv9Sf1klPjNfFAuWDjKLwTIJJ/VxtoTwIR6hnZxcEOQCZg2oIL3MWBYw5GpUDKOEnND7LXTbIpQ03Q==}
    engines: {node: '>=10'}
    dev: true

  /esbuild@0.16.3:
    resolution: {integrity: sha512-71f7EjPWTiSguen8X/kxEpkAS7BFHwtQKisCDDV3Y4GLGWBaoSCyD5uXkaUew6JDzA9FEN1W23mdnSwW9kqCeg==}
    engines: {node: '>=12'}
    hasBin: true
    requiresBuild: true
    optionalDependencies:
      '@esbuild/android-arm': 0.16.3
      '@esbuild/android-arm64': 0.16.3
      '@esbuild/android-x64': 0.16.3
      '@esbuild/darwin-arm64': 0.16.3
      '@esbuild/darwin-x64': 0.16.3
      '@esbuild/freebsd-arm64': 0.16.3
      '@esbuild/freebsd-x64': 0.16.3
      '@esbuild/linux-arm': 0.16.3
      '@esbuild/linux-arm64': 0.16.3
      '@esbuild/linux-ia32': 0.16.3
      '@esbuild/linux-loong64': 0.16.3
      '@esbuild/linux-mips64el': 0.16.3
      '@esbuild/linux-ppc64': 0.16.3
      '@esbuild/linux-riscv64': 0.16.3
      '@esbuild/linux-s390x': 0.16.3
      '@esbuild/linux-x64': 0.16.3
      '@esbuild/netbsd-x64': 0.16.3
      '@esbuild/openbsd-x64': 0.16.3
      '@esbuild/sunos-x64': 0.16.3
      '@esbuild/win32-arm64': 0.16.3
      '@esbuild/win32-ia32': 0.16.3
      '@esbuild/win32-x64': 0.16.3
    dev: true

  /escape-string-regexp@4.0.0:
    resolution: {integrity: sha512-TtpcNJ3XAzx3Gq8sWRzJaVajRs0uVxA2YAkdb1jm2YkPz4G6egUFAyA3n5vtEIZefPk5Wa4UXbKuS5fKkJWdgA==}
    engines: {node: '>=10'}
    dev: true

  /estree-walker@0.6.1:
    resolution: {integrity: sha512-SqmZANLWS0mnatqbSfRP5g8OXZC12Fgg1IwNtLsyHDzJizORW4khDfjPqJZsemPWBB2uqykUah5YpQ6epsqC/w==}
    dev: true

  /execa@6.1.0:
    resolution: {integrity: sha512-QVWlX2e50heYJcCPG0iWtf8r0xjEYfz/OYLGDYH+IyjWezzPNxz63qNFOu0l4YftGWuizFVZHHs8PrLU5p2IDA==}
    engines: {node: ^12.20.0 || ^14.13.1 || >=16.0.0}
    dependencies:
      cross-spawn: 7.0.3
      get-stream: 6.0.1
      human-signals: 3.0.1
      is-stream: 3.0.0
      merge-stream: 2.0.0
      npm-run-path: 5.1.0
      onetime: 6.0.0
      signal-exit: 3.0.7
      strip-final-newline: 3.0.0
    dev: true

  /fill-range@7.0.1:
    resolution: {integrity: sha512-qOo9F+dMUmC2Lcb4BbVvnKJxTPjCm+RRpe4gDuGrzkL7mEVl/djYSu2OdQ2Pa302N4oqkSg9ir6jaLWJ2USVpQ==}
    engines: {node: '>=8'}
    dependencies:
      to-regex-range: 5.0.1
    dev: true

  /fsevents@2.3.3:
    resolution: {integrity: sha512-5xoDfX+fL7faATnagmWPpbFtwh/R77WmMMqqHGS65C3vvB0YHrgF+B1YmZ3441tMj5n63k0212XNoJwzlhffQw==}
    engines: {node: ^8.16.0 || ^10.6.0 || >=11.0.0}
    os: [darwin]
    requiresBuild: true
    dev: true
    optional: true

  /get-stream@6.0.1:
    resolution: {integrity: sha512-ts6Wi+2j3jQjqi70w5AlN8DFnkSwC+MqmxEzdEALB2qXZYV3X/b1CTfgPLGJNMeAWxdPfU8FO1ms3NUfaHCPYg==}
    engines: {node: '>=10'}
    dev: true

  /glob-parent@5.1.2:
    resolution: {integrity: sha512-AOIgSQCepiJYwP3ARnGx+5VnTu2HBYdzbGP45eLw1vr3zB3vZLeyed1sC9hnbcOc9/SrMyM5RPQrkGz4aS9Zow==}
    engines: {node: '>= 6'}
    dependencies:
      is-glob: 4.0.3
    dev: true

  /html-rewriter-wasm@0.4.1:
    resolution: {integrity: sha512-lNovG8CMCCmcVB1Q7xggMSf7tqPCijZXaH4gL6iE8BFghdQCbaY5Met9i1x2Ex8m/cZHDUtXK9H6/znKamRP8Q==}
    dev: true

  /http-cache-semantics@4.1.1:
    resolution: {integrity: sha512-er295DKPVsV82j5kw1Gjt+ADA/XYHsajl82cGNQG2eyoPkvgUhX+nDIyelzhIWbbsXP39EHcI6l5tYs2FYqYXQ==}
    dev: true

  /human-signals@3.0.1:
    resolution: {integrity: sha512-rQLskxnM/5OCldHo+wNXbpVgDn5A17CUoKX+7Sokwaknlq7CdSnphy0W39GU8dw59XiCXmFXDg4fRuckQRKewQ==}
    engines: {node: '>=12.20.0'}
    dev: true

  /is-binary-path@2.1.0:
    resolution: {integrity: sha512-ZMERYes6pDydyuGidse7OsHxtbI7WVeUEozgR/g7rd0xUimYNlvZRE/K2MgZTjWy725IfelLeVcEM97mmtRGXw==}
    engines: {node: '>=8'}
    dependencies:
      binary-extensions: 2.2.0
    dev: true

  /is-extglob@2.1.1:
    resolution: {integrity: sha512-SbKbANkN603Vi4jEZv49LeVJMn4yGwsbzZworEoyEiutsN3nJYdbO36zfhGJ6QEDpOZIFkDtnq5JRxmvl3jsoQ==}
    engines: {node: '>=0.10.0'}
    dev: true

  /is-glob@4.0.3:
    resolution: {integrity: sha512-xelSayHH36ZgE7ZWhli7pW34hNbNl8Ojv5KVmkJD4hBdD3th8Tfk9vYasLM+mXWOZhFkgZfxhLSnrwRr4elSSg==}
    engines: {node: '>=0.10.0'}
    dependencies:
      is-extglob: 2.1.1
    dev: true

  /is-number@7.0.0:
    resolution: {integrity: sha512-41Cifkg6e8TylSpdtTpeLVMqvSBEVzTttHvERD741+pnZ8ANv0004MRL43QKPDlK9cGvNp6NZWZUBlbGXYxxng==}
    engines: {node: '>=0.12.0'}
    dev: true

  /is-stream@3.0.0:
    resolution: {integrity: sha512-LnQR4bZ9IADDRSkvpqMGvt/tEJWclzklNgSw48V5EAaAeDd6qGvN8ei6k5p0tvxSR171VmGyHuTiAOfxAbr8kA==}
    engines: {node: ^12.20.0 || ^14.13.1 || >=16.0.0}
    dev: true

  /isexe@2.0.0:
    resolution: {integrity: sha512-RHxMLp9lnKHGHRng9QFhRCMbYAcVpn69smSGcq3f36xjgVVWThj4qqLbTLlq7Ssj8B+fIQ1EuCEGI2lKsyQeIw==}
    dev: true

  /kleur@4.1.5:
    resolution: {integrity: sha512-o+NO+8WrRiQEE4/7nwRJhN1HWpVmJm511pBHUxPLtp0BUISzlBplORYSmTclCnJvQq2tKu/sgl3xVpkc7ZWuQQ==}
    engines: {node: '>=6'}
    dev: true

  /lru-cache@6.0.0:
    resolution: {integrity: sha512-Jo6dJ04CmSjuznwJSS3pUeWmd/H0ffTlkXXgwZi+eq1UCmqQwCh+eLsYOYCwY991i2Fah4h1BEMCx4qThGbsiA==}
    engines: {node: '>=10'}
    dependencies:
      yallist: 4.0.0
    dev: true

  /magic-string@0.25.9:
    resolution: {integrity: sha512-RmF0AsMzgt25qzqqLc1+MbHmhdx0ojF2Fvs4XnOqz2ZOBXzzkEwc/dJQZCYHAn7v1jbVOjAZfK8msRn4BxO4VQ==}
    dependencies:
      sourcemap-codec: 1.4.8
    dev: true

  /merge-stream@2.0.0:
    resolution: {integrity: sha512-abv/qOcuPfk3URPfDzmZU1LKmuw8kT+0nIHvKrKgFrwifol/doWcdA4ZqsWQ8ENrFKkd67Mfpo/LovbIUsbt3w==}
    dev: true

  /mime@3.0.0:
    resolution: {integrity: sha512-jSCU7/VB1loIWBZe14aEYHU/+1UMEHoaO7qxCOVJOw9GgH72VAWppxNcjU+x9a2k3GSIBXNKxXQFqRvvZ7vr3A==}
    engines: {node: '>=10.0.0'}
    hasBin: true
    dev: true

  /mimic-fn@4.0.0:
    resolution: {integrity: sha512-vqiC06CuhBTUdZH+RYl8sFrL096vA45Ok5ISO6sE/Mr1jRbGH4Csnhi8f3wKVl7x8mO4Au7Ir9D3Oyv1VYMFJw==}
    engines: {node: '>=12'}
    dev: true

  /miniflare@2.12.1:
    resolution: {integrity: sha512-pym6gzg8AQZ1NRChRV1hC4K55N49wndoaDEVRMvZPJrFsmGkNnXkWmlvmZ7SB3BN5UkP5MZwKhLqiJ49Ry8tFA==}
    engines: {node: '>=16.13'}
    hasBin: true
    peerDependencies:
      '@miniflare/storage-redis': 2.12.1
      cron-schedule: ^3.0.4
      ioredis: ^4.27.9
    peerDependenciesMeta:
      '@miniflare/storage-redis':
        optional: true
      cron-schedule:
        optional: true
      ioredis:
        optional: true
    dependencies:
      '@miniflare/cache': 2.12.1
      '@miniflare/cli-parser': 2.12.1
      '@miniflare/core': 2.12.1
      '@miniflare/d1': 2.12.1
      '@miniflare/durable-objects': 2.12.1
      '@miniflare/html-rewriter': 2.12.1
      '@miniflare/http-server': 2.12.1
      '@miniflare/kv': 2.12.1
      '@miniflare/queues': 2.12.1
      '@miniflare/r2': 2.12.1
      '@miniflare/runner-vm': 2.12.1
      '@miniflare/scheduler': 2.12.1
      '@miniflare/shared': 2.12.1
      '@miniflare/sites': 2.12.1
      '@miniflare/storage-file': 2.12.1
      '@miniflare/storage-memory': 2.12.1
      '@miniflare/web-sockets': 2.12.1
      kleur: 4.1.5
      semiver: 1.1.0
      source-map-support: 0.5.21
      undici: 5.20.0
    transitivePeerDependencies:
      - bufferutil
      - utf-8-validate
    dev: true

  /mustache@4.2.0:
    resolution: {integrity: sha512-71ippSywq5Yb7/tVYyGbkBggbU8H3u5Rz56fH60jGFgr8uHwxs+aSKeqmluIVzM0m0kB7xQjKS6qPfd0b2ZoqQ==}
    hasBin: true
    dev: true

  /nanoid@3.3.6:
    resolution: {integrity: sha512-BGcqMMJuToF7i1rt+2PWSNVnWIkGCU78jBG3RxO/bZlnZPK2Cmi2QaffxGO/2RvWi9sL+FAiRiXMgsyxQ1DIDA==}
    engines: {node: ^10 || ^12 || ^13.7 || ^14 || >=15.0.1}
    hasBin: true
    dev: true

  /node-forge@1.3.1:
    resolution: {integrity: sha512-dPEtOeMvF9VMcYV/1Wb8CPoVAXtp6MKMlcbAt4ddqmGqUJ6fQZFXkNZNkNlfevtNkGtaSoXf/vNNNSvgrdXwtA==}
    engines: {node: '>= 6.13.0'}
    dev: true

  /normalize-path@3.0.0:
    resolution: {integrity: sha512-6eZs5Ls3WtCisHWp9S2GUy8dqkpGi4BVSz3GaqiE6ezub0512ESztXUwUB6C6IKbQkY2Pnb/mD4WYojCRwcwLA==}
    engines: {node: '>=0.10.0'}
    dev: true

  /npm-run-path@5.1.0:
    resolution: {integrity: sha512-sJOdmRGrY2sjNTRMbSvluQqg+8X7ZK61yvzBEIDhz4f8z1TZFYABsqjjCBd/0PUNE9M6QDgHJXQkGUEm7Q+l9Q==}
    engines: {node: ^12.20.0 || ^14.13.1 || >=16.0.0}
    dependencies:
      path-key: 4.0.0
    dev: true

  /npx-import@1.1.4:
    resolution: {integrity: sha512-3ShymTWOgqGyNlh5lMJAejLuIv3W1K3fbI5Ewc6YErZU3Sp0PqsNs8UIU1O8z5+KVl/Du5ag56Gza9vdorGEoA==}
    dependencies:
      execa: 6.1.0
      parse-package-name: 1.0.0
      semver: 7.5.4
      validate-npm-package-name: 4.0.0
    dev: true

  /onetime@6.0.0:
    resolution: {integrity: sha512-1FlR+gjXK7X+AsAHso35MnyN5KqGwJRi/31ft6x0M194ht7S+rWAvd7PHss9xSKMzE0asv1pyIHaJYq+BbacAQ==}
    engines: {node: '>=12'}
    dependencies:
      mimic-fn: 4.0.0
    dev: true

  /parse-package-name@1.0.0:
    resolution: {integrity: sha512-kBeTUtcj+SkyfaW4+KBe0HtsloBJ/mKTPoxpVdA57GZiPerREsUWJOhVj9anXweFiJkm5y8FG1sxFZkZ0SN6wg==}
    dev: true

  /path-key@3.1.1:
    resolution: {integrity: sha512-ojmeN0qd+y0jszEtoY48r0Peq5dwMEkIlCOu6Q5f41lfkswXuKtYrhgoTpLnyIcHm24Uhqx+5Tqm2InSwLhE6Q==}
    engines: {node: '>=8'}
    dev: true

  /path-key@4.0.0:
    resolution: {integrity: sha512-haREypq7xkM7ErfgIyA0z+Bj4AGKlMSdlQE2jvJo6huWD1EdkKYV+G/T4nq0YEF2vgTT8kqMFKo1uHn950r4SQ==}
    engines: {node: '>=12'}
    dev: true

  /path-to-regexp@6.2.1:
    resolution: {integrity: sha512-JLyh7xT1kizaEvcaXOQwOc2/Yhw6KZOvPf1S8401UyLk86CU79LN3vl7ztXGm/pZ+YjoyAJ4rxmHwbkBXJX+yw==}
    dev: true

  /picomatch@2.3.1:
    resolution: {integrity: sha512-JU3teHTNjmE2VCGFzuY8EXzCDVwEqB2a8fsIvwaStHhAWJEeVd1o1QD80CU6+ZdEXXSLbSsuLwJjkCBWqRQUVA==}
    engines: {node: '>=8.6'}
    dev: true

  /readdirp@3.6.0:
    resolution: {integrity: sha512-hOS089on8RduqdbhvQ5Z37A0ESjsqz6qnRcffsMU3495FuTdqSm+7bhJ29JvIOsBDEEnan5DPu9t3To9VRlMzA==}
    engines: {node: '>=8.10.0'}
    dependencies:
      picomatch: 2.3.1
    dev: true

  /rollup-plugin-inject@3.0.2:
    resolution: {integrity: sha512-ptg9PQwzs3orn4jkgXJ74bfs5vYz1NCZlSQMBUA0wKcGp5i5pA1AO3fOUEte8enhGUC+iapTCzEWw2jEFFUO/w==}
    deprecated: This package has been deprecated and is no longer maintained. Please use @rollup/plugin-inject.
    dependencies:
      estree-walker: 0.6.1
      magic-string: 0.25.9
      rollup-pluginutils: 2.8.2
    dev: true

  /rollup-plugin-node-polyfills@0.2.1:
    resolution: {integrity: sha512-4kCrKPTJ6sK4/gLL/U5QzVT8cxJcofO0OU74tnB19F40cmuAKSzH5/siithxlofFEjwvw1YAhPmbvGNA6jEroA==}
    dependencies:
      rollup-plugin-inject: 3.0.2
    dev: true

  /rollup-pluginutils@2.8.2:
    resolution: {integrity: sha512-EEp9NhnUkwY8aif6bxgovPHMoMoNr2FulJziTndpt5H9RdwC47GSGuII9XxpSdzVGM0GWrNPHV6ie1LTNJPaLQ==}
    dependencies:
      estree-walker: 0.6.1
    dev: true

  /selfsigned@2.1.1:
    resolution: {integrity: sha512-GSL3aowiF7wa/WtSFwnUrludWFoNhftq8bUkH9pkzjpN2XSPOAYEgg6e0sS9s0rZwgJzJiQRPU18A6clnoW5wQ==}
    engines: {node: '>=10'}
    dependencies:
      node-forge: 1.3.1
    dev: true

  /semiver@1.1.0:
    resolution: {integrity: sha512-QNI2ChmuioGC1/xjyYwyZYADILWyW6AmS1UH6gDj/SFUUUS4MBAWs/7mxnkRPc/F4iHezDP+O8t0dO8WHiEOdg==}
    engines: {node: '>=6'}
    dev: true

  /semver@7.5.4:
    resolution: {integrity: sha512-1bCSESV6Pv+i21Hvpxp3Dx+pSD8lIPt8uVjRrxAUt/nbswYc+tK6Y2btiULjd4+fnq15PX+nqQDC7Oft7WkwcA==}
    engines: {node: '>=10'}
    hasBin: true
    dependencies:
      lru-cache: 6.0.0
    dev: true

  /set-cookie-parser@2.6.0:
    resolution: {integrity: sha512-RVnVQxTXuerk653XfuliOxBP81Sf0+qfQE73LIYKcyMYHG94AuH0kgrQpRDuTZnSmjpysHmzxJXKNfa6PjFhyQ==}
    dev: true

  /shebang-command@2.0.0:
    resolution: {integrity: sha512-kHxr2zZpYtdmrN1qDjrrX/Z1rR1kG8Dx+gkpK1G4eXmvXswmcE1hTWBWYUzlraYw1/yZp6YuDY77YtvbN0dmDA==}
    engines: {node: '>=8'}
    dependencies:
      shebang-regex: 3.0.0
    dev: true

  /shebang-regex@3.0.0:
    resolution: {integrity: sha512-7++dFhtcx3353uBaq8DDR4NuxBetBzC7ZQOhmTQInHEd6bSrXdiEyzCvG07Z44UYdLShWUyXt5M/yhz8ekcb1A==}
    engines: {node: '>=8'}
    dev: true

  /signal-exit@3.0.7:
    resolution: {integrity: sha512-wnD2ZE+l+SPC/uoS0vXeE9L1+0wuaMqKlfz9AMUo38JsyLSBWSFcHR1Rri62LZc12vLr1gb3jl7iwQhgwpAbGQ==}
    dev: true

  /source-map-support@0.5.21:
    resolution: {integrity: sha512-uBHU3L3czsIyYXKX88fdrGovxdSCoTGDRZ6SYXtSRxLZUzHg5P/66Ht6uoUlHu9EZod+inXhKo3qQgwXUT/y1w==}
    dependencies:
      buffer-from: 1.1.2
      source-map: 0.6.1
    dev: true

  /source-map@0.6.1:
    resolution: {integrity: sha512-UjgapumWlbMhkBgzT7Ykc5YXUT46F0iKu8SGXq0bcwP5dz/h0Plj6enJqjz1Zbq2l5WaqYnrVbwWOWMyF3F47g==}
    engines: {node: '>=0.10.0'}
    dev: true

  /source-map@0.7.4:
    resolution: {integrity: sha512-l3BikUxvPOcn5E74dZiq5BGsTb5yEwhaTSzccU6t4sDOH8NWJCstKO5QT2CvtFoK6F0saL7p9xHAqHOlCPJygA==}
    engines: {node: '>= 8'}
    dev: true

  /sourcemap-codec@1.4.8:
    resolution: {integrity: sha512-9NykojV5Uih4lgo5So5dtw+f0JgJX30KCNI8gwhz2J9A15wD0Ml6tjHKwf6fTSa6fAdVBdZeNOs9eJ71qCk8vA==}
    deprecated: Please use @jridgewell/sourcemap-codec instead
    dev: true

  /stack-trace@0.0.10:
    resolution: {integrity: sha512-KGzahc7puUKkzyMt+IqAep+TVNbKP+k2Lmwhub39m1AsTSkaDutx56aDCo+HLDzf/D26BIHTJWNiTG1KAJiQCg==}
    dev: true

  /streamsearch@1.1.0:
    resolution: {integrity: sha512-Mcc5wHehp9aXz1ax6bZUyY5afg9u2rv5cqQI3mRrYkGC8rW2hM02jWuwjtL++LS5qinSyhj2QfLyNsuc+VsExg==}
    engines: {node: '>=10.0.0'}
    dev: true

  /strip-final-newline@3.0.0:
    resolution: {integrity: sha512-dOESqjYr96iWYylGObzd39EuNTa5VJxyvVAEm5Jnh7KGo75V43Hk1odPQkNDyXNmUR6k+gEiDVXnjB8HJ3crXw==}
    engines: {node: '>=12'}
    dev: true

  /to-regex-range@5.0.1:
    resolution: {integrity: sha512-65P7iz6X5yEr1cwcgvQxbbIw7Uk3gOy5dIdtZ4rDveLqhrdJP+Li/Hx6tyK0NEb+2GCyneCMJiGqrADCSNk8sQ==}
    engines: {node: '>=8.0'}
    dependencies:
      is-number: 7.0.0
    dev: true

  /undici@5.20.0:
    resolution: {integrity: sha512-J3j60dYzuo6Eevbawwp1sdg16k5Tf768bxYK4TUJRH7cBM4kFCbf3mOnM/0E3vQYXvpxITbbWmBafaDbxLDz3g==}
    engines: {node: '>=12.18'}
    dependencies:
      busboy: 1.6.0
    dev: true

  /urlpattern-polyfill@4.0.3:
    resolution: {integrity: sha512-DOE84vZT2fEcl9gqCUTcnAw5ZY5Id55ikUcziSUntuEFL3pRvavg5kwDmTEUJkeCHInTlV/HexFomgYnzO5kdQ==}
    dev: true

  /validate-npm-package-name@4.0.0:
    resolution: {integrity: sha512-mzR0L8ZDktZjpX4OB46KT+56MAhl4EIazWP/+G/HPGuvfdaqg4YsCdtOm6U9+LOFyYDoh4dpnpxZRB9MQQns5Q==}
    engines: {node: ^12.13.0 || ^14.15.0 || >=16.0.0}
    dependencies:
      builtins: 5.0.1
    dev: true

  /which@2.0.2:
    resolution: {integrity: sha512-BLI3Tl1TW3Pvl70l3yq3Y64i+awpwXqsGBYWkkqMtnbXgrMD+yj7rhW0kuEDxzJaYXGjEW5ogapKNMEKNMjibA==}
    engines: {node: '>= 8'}
    hasBin: true
    dependencies:
      isexe: 2.0.0
    dev: true

  /wrangler@2.13.0:
    resolution: {integrity: sha512-hU7RpOjDcyOlKO0xuNEOKINwSA1lh5nSkTH8aKKdatv2Ryt5gSS26RwS49QpZCYJGxGHzhHPr++TlSggOAsEVA==}
    engines: {node: '>=16.13.0'}
    hasBin: true
    dependencies:
      '@cloudflare/kv-asset-handler': 0.2.0
      '@esbuild-plugins/node-globals-polyfill': 0.1.1(esbuild@0.16.3)
      '@esbuild-plugins/node-modules-polyfill': 0.1.4(esbuild@0.16.3)
      '@miniflare/core': 2.12.1
      '@miniflare/d1': 2.12.1
      '@miniflare/durable-objects': 2.12.1
      blake3-wasm: 2.1.5
      chokidar: 3.5.3
      esbuild: 0.16.3
      miniflare: 2.12.1
      nanoid: 3.3.6
      path-to-regexp: 6.2.1
      selfsigned: 2.1.1
      source-map: 0.7.4
      xxhash-wasm: 1.0.2
    optionalDependencies:
      fsevents: 2.3.3
    transitivePeerDependencies:
      - '@miniflare/storage-redis'
      - bufferutil
      - cron-schedule
      - ioredis
      - utf-8-validate
    dev: true

  /ws@8.13.0:
    resolution: {integrity: sha512-x9vcZYTrFPC7aSIbj7sRCYo7L/Xb8Iy+pW0ng0wt2vCJv7M9HOMy0UoN3rr+IFC7hb7vXoqS+P9ktyLLLhO+LA==}
    engines: {node: '>=10.0.0'}
    peerDependencies:
      bufferutil: ^4.0.1
      utf-8-validate: '>=5.0.2'
    peerDependenciesMeta:
      bufferutil:
        optional: true
      utf-8-validate:
        optional: true
    dev: true

  /xxhash-wasm@1.0.2:
    resolution: {integrity: sha512-ibF0Or+FivM9lNrg+HGJfVX8WJqgo+kCLDc4vx6xMeTce7Aj+DLttKbxxRR/gNLSAelRc1omAPlJ77N/Jem07A==}
    dev: true

  /yallist@4.0.0:
    resolution: {integrity: sha512-3wdGidZyq5PB084XLES5TpOSRA3wjXAlIWMhum2kRcv/41Sn2emQ0dycQW4uZXLejwKvg6EsvbdlVL+FYEct7A==}
    dev: true

  /youch@2.2.2:
    resolution: {integrity: sha512-/FaCeG3GkuJwaMR34GHVg0l8jCbafZLHiFowSjqLlqhC6OMyf2tPJBu8UirF7/NI9X/R5ai4QfEKUCOxMAGxZQ==}
    dependencies:
      '@types/stack-trace': 0.0.29
      cookie: 0.4.2
      mustache: 4.2.0
      stack-trace: 0.0.10
    dev: true
